
Microsoft Visual Studio Solution File, Format Version 12.00
# Visual Studio Version 17
VisualStudioVersion = 17.11.35312.102
MinimumVisualStudioVersion = 10.0.40219.1
Project("{FAE04EC0-301F-11D3-BF4B-00C04F79EFBC}") = "DFF", "DFF.csproj", "{907A997A-D0D7-4364-AA2A-487D98DD5902}"
EndProject
Global
	GlobalSection(SolutionConfigurationPlatforms) = preSolution
		Debug|Any CPU = Debug|Any CPU
		Release|Any CPU = Release|Any CPU
	EndGlobalSection
	GlobalSection(ProjectConfigurationPlatforms) = postSolution
		{907A997A-D0D7-4364-AA2A-487D98DD5902}.Debug|Any CPU.ActiveCfg = Debug|Any CPU
		{907A997A-D0D7-4364-AA2A-487D98DD5902}.Debug|Any CPU.Build.0 = Debug|Any CPU
		{907A997A-D0D7-4364-AA2A-487D98DD5902}.Release|Any CPU.ActiveCfg = Release|Any CPU
		{907A997A-D0D7-4364-AA2A-487D98DD5902}.Release|Any CPU.Build.0 = Release|Any CPU
	EndGlobalSection
	GlobalSection(SolutionProperties) = preSolution
		HideSolutionNode = FALSE
	EndGlobalSection
	GlobalSection(ExtensibilityGlobals) = postSolution
		SolutionGuid = {29C0D7E2-F037-4CFC-94E7-E0070C26D4A3}
	EndGlobalSection
EndGlobal
